
Microsoft Visual Studio Solution File, Format Version 12.00
# Visual Studio Version 17
VisualStudioVersion = 17.3.32811.315
MinimumVisualStudioVersion = 10.0.40219.1
Project("{FAE04EC0-301F-11D3-BF4B-00C04F79EFBC}") = "Gestion_nomina", "Gestion_nomina.csproj", "{952BE723-9156-4A9E-AF98-7852B0617DBC}"
EndProject
Global
	GlobalSection(SolutionConfigurationPlatforms) = preSolution
		Debug|Any CPU = Debug|Any CPU
		Release|Any CPU = Release|Any CPU
	EndGlobalSection
	GlobalSection(ProjectConfigurationPlatforms) = postSolution
		{952BE723-9156-4A9E-AF98-7852B0617DBC}.Debug|Any CPU.ActiveCfg = Debug|Any CPU
		{952BE723-9156-4A9E-AF98-7852B0617DBC}.Debug|Any CPU.Build.0 = Debug|Any CPU
		{952BE723-9156-4A9E-AF98-7852B0617DBC}.Release|Any CPU.ActiveCfg = Release|Any CPU
		{952BE723-9156-4A9E-AF98-7852B0617DBC}.Release|Any CPU.Build.0 = Release|Any CPU
	EndGlobalSection
	GlobalSection(SolutionProperties) = preSolution
		HideSolutionNode = FALSE
	EndGlobalSection
	GlobalSection(ExtensibilityGlobals) = postSolution
		SolutionGuid = {538A423F-8C4E-4DC9-9C2C-3F43C44F1C39}
	EndGlobalSection
EndGlobal
